
Microsoft Visual Studio Solution File, Format Version 12.00
# Visual Studio Version 16
VisualStudioVersion = 16.0.34601.136
MinimumVisualStudioVersion = 10.0.40219.1
Project("{FAE04EC0-301F-11D3-BF4B-00C04F79EFBC}") = "Vaidationprj", "Vaidationprj\Vaidationprj.csproj", "{1DCF2A53-A7A7-4630-90FB-DB06AACA40BC}"
EndProject
Global
	GlobalSection(SolutionConfigurationPlatforms) = preSolution
		Debug|Any CPU = Debug|Any CPU
		Release|Any CPU = Release|Any CPU
	EndGlobalSection
	GlobalSection(ProjectConfigurationPlatforms) = postSolution
		{1DCF2A53-A7A7-4630-90FB-DB06AACA40BC}.Debug|Any CPU.ActiveCfg = Debug|Any CPU
		{1DCF2A53-A7A7-4630-90FB-DB06AACA40BC}.Debug|Any CPU.Build.0 = Debug|Any CPU
		{1DCF2A53-A7A7-4630-90FB-DB06AACA40BC}.Release|Any CPU.ActiveCfg = Release|Any CPU
		{1DCF2A53-A7A7-4630-90FB-DB06AACA40BC}.Release|Any CPU.Build.0 = Release|Any CPU
	EndGlobalSection
	GlobalSection(SolutionProperties) = preSolution
		HideSolutionNode = FALSE
	EndGlobalSection
	GlobalSection(ExtensibilityGlobals) = postSolution
		SolutionGuid = {89ECD467-3504-4D85-898B-3FD9E82A1302}
	EndGlobalSection
EndGlobal
